// !$*UTF8*$!
{
	archiveVersion = 1;
	classes = {
	};
	objectVersion = 46;
	objects = {

/* Begin PBXBuildFile section */
		BCDF51761DC1C26E0050D917 /* AppDelegate.swift in Sources */ = {isa = PBXBuildFile; fileRef = BCDF51751DC1C26E0050D917 /* AppDelegate.swift */; };
		BCDF51781DC1C26E0050D917 /* ViewController.swift in Sources */ = {isa = PBXBuildFile; fileRef = BCDF51771DC1C26E0050D917 /* ViewController.swift */; };
		BCDF517B1DC1C26E0050D917 /* Main.storyboard in Resources */ = {isa = PBXBuildFile; fileRef = BCDF51791DC1C26E0050D917 /* Main.storyboard */; };
		BCDF517D1DC1C26E0050D917 /* Assets.xcassets in Resources */ = {isa = PBXBuildFile; fileRef = BCDF517C1DC1C26E0050D917 /* Assets.xcassets */; };
		BCDF51801DC1C26E0050D917 /* LaunchScreen.storyboard in Resources */ = {isa = PBXBuildFile; fileRef = BCDF517E1DC1C26E0050D917 /* LaunchScreen.storyboard */; };
/* End PBXBuildFile section */

/* Begin PBXFileReference section */
		BCDF51721DC1C26E0050D917 /* controllers_trigger.app */ = {isa = PBXFileReference; explicitFileType = wrapper.application; includeInIndex = 0; path = controllers_trigger.app; sourceTree = BUILT_PRODUCTS_DIR; };
		BCDF51751DC1C26E0050D917 /* AppDelegate.swift */ = {isa = PBXFileReference; lastKnownFileType = sourcecode.swift; path = AppDelegate.swift; sourceTree = "<group>"; };
		BCDF51771DC1C26E0050D917 /* ViewController.swift */ = {isa = PBXFileReference; lastKnownFileType = sourcecode.swift; path = ViewController.swift; sourceTree = "<group>"; };
		BCDF517A1DC1C26E0050D917 /* Base */ = {isa = PBXFileReference; lastKnownFileType = file.storyboard; name = Base; path = Base.lproj/Main.storyboard; sourceTree = "<group>"; };
		BCDF517C1DC1C26E0050D917 /* Assets.xcassets */ = {isa = PBXFileReference; lastKnownFileType = folder.assetcatalog; path = Assets.xcassets; sourceTree = "<group>"; };
		BCDF517F1DC1C26E0050D917 /* Base */ = {isa = PBXFileReference; lastKnownFileType = file.storyboard; name = Base; path = Base.lproj/LaunchScreen.storyboard; sourceTree = "<group>"; };
		BCDF51811DC1C26E0050D917 /* Info.plist */ = {isa = PBXFileReference; lastKnownFileType = text.plist.xml; path = Info.plist; sourceTree = "<group>"; };
/* End PBXFileReference section */

/* Begin PBXFrameworksBuildPhase section */
		BCDF516F1DC1C26E0050D917 /* Frameworks */ = {
			isa = PBXFrameworksBuildPhase;
			buildActionMask = 2147483647;
			files = (
			);
			runOnlyForDeploymentPostprocessing = 0;
		};
/* End PBXFrameworksBuildPhase section */

/* Begin PBXGroup section */
		BCDF51691DC1C26E0050D917 = {
			isa = PBXGroup;
			children = (
				BCDF51741DC1C26E0050D917 /* controllers_trigger */,
				BCDF51731DC1C26E0050D917 /* Products */,
			);
			sourceTree = "<group>";
		};
		BCDF51731DC1C26E0050D917 /* Products */ = {
			isa = PBXGroup;
			children = (
				BCDF51721DC1C26E0050D917 /* controllers_trigger.app */,
			);
			name = Products;
			sourceTree = "<group>";
		};
		BCDF51741DC1C26E0050D917 /* controllers_trigger */ = {
			isa = PBXGroup;
			children = (
				BCDF51751DC1C26E0050D917 /* AppDelegate.swift */,
				BCDF51771DC1C26E0050D917 /* ViewController.swift */,
				BCDF51791DC1C26E0050D917 /* Main.storyboard */,
				BCDF517C1DC1C26E0050D917 /* Assets.xcassets */,
				BCDF517E1DC1C26E0050D917 /* LaunchScreen.storyboard */,
				BCDF51811DC1C26E0050D917 /* Info.plist */,
			);
			path = controllers_trigger;
			sourceTree = "<group>";
		};
/* End PBXGroup section */

/* Begin PBXNativeTarget section */
		BCDF51711DC1C26E0050D917 /* controllers_trigger */ = {
			isa = PBXNativeTarget;
			buildConfigurationList = BCDF51841DC1C26E0050D917 /* Build configuration list for PBXNativeTarget "controllers_trigger" */;
			buildPhases = (
				BCDF516E1DC1C26E0050D917 /* Sources */,
				BCDF516F1DC1C26E0050D917 /* Frameworks */,
				BCDF51701DC1C26E0050D917 /* Resources */,
			);
			buildRules = (
			);
			dependencies = (
			);
			name = controllers_trigger;
			productName = controllers_trigger;
			productReference = BCDF51721DC1C26E0050D917 /* controllers_trigger.app */;
			productType = "com.apple.product-type.application";
		};
/* End PBXNativeTarget section */

/* Begin PBXProject section */
		BCDF516A1DC1C26E0050D917 /* Project object */ = {
			isa = PBXProject;
			attributes = {
				LastSwiftUpdateCheck = 0800;
				LastUpgradeCheck = 0800;
				ORGANIZATIONNAME = "zero plus";
				TargetAttributes = {
					BCDF51711DC1C26E0050D917 = {
						CreatedOnToolsVersion = 8.0;
						ProvisioningStyle = Automatic;
					};
				};
			};
			buildConfigurationList = BCDF516D1DC1C26E0050D917 /* Build configuration list for PBXProject "controllers_trigger" */;
			compatibilityVersion = "Xcode 3.2";
			developmentRegion = English;
			hasScannedForEncodings = 0;
			knownRegions = (
				en,
				Base,
			);
			mainGroup = BCDF51691DC1C26E0050D917;
			productRefGroup = BCDF51731DC1C26E0050D917 /* Products */;
			projectDirPath = "";
			projectRoot = "";
			targets = (
				BCDF51711DC1C26E0050D917 /* controllers_trigger */,
			);
		};
/* End PBXProject section */

/* Begin PBXResourcesBuildPhase section */
		BCDF51701DC1C26E0050D917 /* Resources */ = {
			isa = PBXResourcesBuildPhase;
			buildActionMask = 2147483647;
			files = (
				BCDF51801DC1C26E0050D917 /* LaunchScreen.storyboard in Resources */,
				BCDF517D1DC1C26E0050D917 /* Assets.xcassets in Resources */,
				BCDF517B1DC1C26E0050D917 /* Main.storyboard in Resources */,
			);
			runOnlyForDeploymentPostprocessing = 0;
		};
/* End PBXResourcesBuildPhase section */

/* Begin PBXSourcesBuildPhase section */
		BCDF516E1DC1C26E0050D917 /* Sources */ = {
			isa = PBXSourcesBuildPhase;
			buildActionMask = 2147483647;
			files = (
				BCDF51781DC1C26E0050D917 /* ViewController.swift in Sources */,
				BCDF51761DC1C26E0050D917 /* AppDelegate.swift in Sources */,
			);
			runOnlyForDeploymentPostprocessing = 0;
		};
/* End PBXSourcesBuildPhase section */

/* Begin PBXVariantGroup section */
		BCDF51791DC1C26E0050D917 /* Main.storyboard */ = {
			isa = PBXVariantGroup;
			children = (
				BCDF517A1DC1C26E0050D917 /* Base */,
			);
			name = Main.storyboard;
			sourceTree = "<group>";
		};
		BCDF517E1DC1C26E0050D917 /* LaunchScreen.storyboard */ = {
			isa = PBXVariantGroup;
			children = (
				BCDF517F1DC1C26E0050D917 /* Base */,
			);
			name = LaunchScreen.storyboard;
			sourceTree = "<group>";
		};
/* End PBXVariantGroup section */

/* Begin XCBuildConfiguration section */
		BCDF51821DC1C26E0050D917 /* Debug */ = {
			isa = XCBuildConfiguration;
			buildSettings = {
				ALWAYS_SEARCH_USER_PATHS = NO;
				CLANG_ANALYZER_NONNULL = YES;
				CLANG_CXX_LANGUAGE_STANDARD = "gnu++0x";
				CLANG_CXX_LIBRARY = "libc++";
				CLANG_ENABLE_MODULES = YES;
				CLANG_ENABLE_OBJC_ARC = YES;
				CLANG_WARN_BOOL_CONVERSION = YES;
				CLANG_WARN_CONSTANT_CONVERSION = YES;
				CLANG_WARN_DIRECT_OBJC_ISA_USAGE = YES_ERROR;
				CLANG_WARN_DOCUMENTATION_COMMENTS = YES;
				CLANG_WARN_EMPTY_BODY = YES;
				CLANG_WARN_ENUM_CONVERSION = YES;
				CLANG_WARN_INFINITE_RECURSION = YES;
				CLANG_WARN_INT_CONVERSION = YES;
				CLANG_WARN_OBJC_ROOT_CLASS = YES_ERROR;
				CLANG_WARN_SUSPICIOUS_MOVES = YES;
				CLANG_WARN_UNREACHABLE_CODE = YES;
				CLANG_WARN__DUPLICATE_METHOD_MATCH = YES;
				"CODE_SIGN_IDENTITY[sdk=iphoneos*]" = "iPhone Developer";
				COPY_PHASE_STRIP = NO;
				DEBUG_INFORMATION_FORMAT = dwarf;
				ENABLE_STRICT_OBJC_MSGSEND = YES;
				ENABLE_TESTABILITY = YES;
				GCC_C_LANGUAGE_STANDARD = gnu99;
				GCC_DYNAMIC_NO_PIC = NO;
				GCC_NO_COMMON_BLOCKS = YES;
				GCC_OPTIMIZATION_LEVEL = 0;
				GCC_PREPROCESSOR_DEFINITIONS = (
					"DEBUG=1",
					"$(inherited)",
				);
				GCC_WARN_64_TO_32_BIT_CONVERSION = YES;
				GCC_WARN_ABOUT_RETURN_TYPE = YES_ERROR;
				GCC_WARN_UNDECLARED_SELECTOR = YES;
				GCC_WARN_UNINITIALIZED_AUTOS = YES_AGGRESSIVE;
				GCC_WARN_UNUSED_FUNCTION = YES;
				GCC_WARN_UNUSED_VARIABLE = YES;
				IPHONEOS_DEPLOYMENT_TARGET = 10.0;
				MTL_ENABLE_DEBUG_INFO = YES;
				ONLY_ACTIVE_ARCH = YES;
				SDKROOT = iphoneos;
				SWIFT_ACTIVE_COMPILATION_CONDITIONS = DEBUG;
				SWIFT_OPTIMIZATION_LEVEL = "-Onone";
			};
			name = Debug;
		};
		BCDF51831DC1C26E0050D917 /* Release */ = {
			isa = XCBuildConfiguration;
			buildSettings = {
				ALWAYS_SEARCH_USER_PATHS = NO;
				CLANG_ANALYZER_NONNULL = YES;
				CLANG_CXX_LANGUAGE_STANDARD = "gnu++0x";
				CLANG_CXX_LIBRARY = "libc++";
				CLANG_ENABLE_MODULES = YES;
				CLANG_ENABLE_OBJC_ARC = YES;
				CLANG_WARN_BOOL_CONVERSION = YES;
				CLANG_WARN_CONSTANT_CONVERSION = YES;
				CLANG_WARN_DIRECT_OBJC_ISA_USAGE = YES_ERROR;
				CLANG_WARN_DOCUMENTATION_COMMENTS = YES;
				CLANG_WARN_EMPTY_BODY = YES;
				CLANG_WARN_ENUM_CONVERSION = YES;
				CLANG_WARN_INFINITE_RECURSION = YES;
				CLANG_WARN_INT_CONVERSION = YES;
				CLANG_WARN_OBJC_ROOT_CLASS = YES_ERROR;
				CLANG_WARN_SUSPICIOUS_MOVES = YES;
				CLANG_WARN_UNREACHABLE_CODE = YES;
				CLANG_WARN__DUPLICATE_METHOD_MATCH = YES;
				"CODE_SIGN_IDENTITY[sdk=iphoneos*]" = "iPhone Developer";
				COPY_PHASE_STRIP = NO;
				DEBUG_INFORMATION_FORMAT = "dwarf-with-dsym";
				ENABLE_NS_ASSERTIONS = NO;
				ENABLE_STRICT_OBJC_MSGSEND = YES;
				GCC_C_LANGUAGE_STANDARD = gnu99;
				GCC_NO_COMMON_BLOCKS = YES;
				GCC_WARN_64_TO_32_BIT_CONVERSION = YES;
				GCC_WARN_ABOUT_RETURN_TYPE = YES_ERROR;
				GCC_WARN_UNDECLARED_SELECTOR = YES;
				GCC_WARN_UNINITIALIZED_AUTOS = YES_AGGRESSIVE;
				GCC_WARN_UNUSED_FUNCTION = YES;
				GCC_WARN_UNUSED_VARIABLE = YES;
				IPHONEOS_DEPLOYMENT_TARGET = 10.0;
				MTL_ENABLE_DEBUG_INFO = NO;
				SDKROOT = iphoneos;
				SWIFT_OPTIMIZATION_LEVEL = "-Owholemodule";
				VALIDATE_PRODUCT = YES;
			};
			name = Release;
		};
		BCDF51851DC1C26E0050D917 /* Debug */ = {
			isa = XCBuildConfiguration;
			buildSettings = {
				ASSETCATALOG_COMPILER_APPICON_NAME = AppIcon;
				INFOPLIST_FILE = controllers_trigger/Info.plist;
				LD_RUNPATH_SEARCH_PATHS = "$(inherited) @executable_path/Frameworks";
				PRODUCT_BUNDLE_IDENTIFIER = "com.wow.controllers-trigger";
				PRODUCT_NAME = "$(TARGET_NAME)";
				SWIFT_VERSION = 3.0;
			};
			name = Debug;
		};
		BCDF51861DC1C26E0050D917 /* Release */ = {
			isa = XCBuildConfiguration;
			buildSettings = {
				ASSETCATALOG_COMPILER_APPICON_NAME = AppIcon;
				INFOPLIST_FILE = controllers_trigger/Info.plist;
				LD_RUNPATH_SEARCH_PATHS = "$(inherited) @executable_path/Frameworks";
				PRODUCT_BUNDLE_IDENTIFIER = "com.wow.controllers-trigger";
				PRODUCT_NAME = "$(TARGET_NAME)";
				SWIFT_VERSION = 3.0;
			};
			name = Release;
		};
/* End XCBuildConfiguration section */

/* Begin XCConfigurationList section */
		BCDF516D1DC1C26E0050D917 /* Build configuration list for PBXProject "controllers_trigger" */ = {
			isa = XCConfigurationList;
			buildConfigurations = (
				BCDF51821DC1C26E0050D917 /* Debug */,
				BCDF51831DC1C26E0050D917 /* Release */,
			);
			defaultConfigurationIsVisible = 0;
			defaultConfigurationName = Release;
		};
		BCDF51841DC1C26E0050D917 /* Build configuration list for PBXNativeTarget "controllers_trigger" */ = {
			isa = XCConfigurationList;
			buildConfigurations = (
				BCDF51851DC1C26E0050D917 /* Debug */,
				BCDF51861DC1C26E0050D917 /* Release */,
			);
			defaultConfigurationIsVisible = 0;
		};
/* End XCConfigurationList section */
	};
	rootObject = BCDF516A1DC1C26E0050D917 /* Project object */;
}
